
Microsoft Visual Studio Solution File, Format Version 12.00
# Visual Studio Version 17
VisualStudioVersion = 17.10.34928.147
MinimumVisualStudioVersion = 10.0.40219.1
Project("{FAE04EC0-301F-11D3-BF4B-00C04F79EFBC}") = "basiccollab", "basiccollab\basiccollab.csproj", "{D97EAC4C-12FA-4FEB-9BC3-B496F45BE02C}"
EndProject
Global
	GlobalSection(SolutionConfigurationPlatforms) = preSolution
		Debug|Any CPU = Debug|Any CPU
		Release|Any CPU = Release|Any CPU
	EndGlobalSection
	GlobalSection(ProjectConfigurationPlatforms) = postSolution
		{D97EAC4C-12FA-4FEB-9BC3-B496F45BE02C}.Debug|Any CPU.ActiveCfg = Debug|Any CPU
		{D97EAC4C-12FA-4FEB-9BC3-B496F45BE02C}.Debug|Any CPU.Build.0 = Debug|Any CPU
		{D97EAC4C-12FA-4FEB-9BC3-B496F45BE02C}.Release|Any CPU.ActiveCfg = Release|Any CPU
		{D97EAC4C-12FA-4FEB-9BC3-B496F45BE02C}.Release|Any CPU.Build.0 = Release|Any CPU
	EndGlobalSection
	GlobalSection(SolutionProperties) = preSolution
		HideSolutionNode = FALSE
	EndGlobalSection
	GlobalSection(ExtensibilityGlobals) = postSolution
		SolutionGuid = {5B9DCBB0-6FC5-4F8B-AAA7-776984B00E39}
	EndGlobalSection
EndGlobal
